
Microsoft Visual Studio Solution File, Format Version 11.00
# Visual Studio 2010
Project("{8BC9CEB8-8B4A-11D0-8D11-00A0C91BC942}") = "mudff", "cpp_linked_list.vcxproj", "{0A5700B5-3CA3-43C1-9679-2F34B7BB124E}"
EndProject
Global
	GlobalSection(SolutionConfigurationPlatforms) = preSolution
		Debug|Win32 = Debug|Win32
		DLL ASM Debug|Win32 = DLL ASM Debug|Win32
		DLL ASM Release|Win32 = DLL ASM Release|Win32
		DLL Debug|Win32 = DLL Debug|Win32
		DLL Release|Win32 = DLL Release|Win32
		LIB ASM Debug|Win32 = LIB ASM Debug|Win32
		LIB ASM Release|Win32 = LIB ASM Release|Win32
		LIB Debug|Win32 = LIB Debug|Win32
		LIB Release|Win32 = LIB Release|Win32
		Release|Win32 = Release|Win32
	EndGlobalSection
	GlobalSection(ProjectConfigurationPlatforms) = postSolution
		{0A5700B5-3CA3-43C1-9679-2F34B7BB124E}.Debug|Win32.ActiveCfg = Debug|Win32
		{0A5700B5-3CA3-43C1-9679-2F34B7BB124E}.Debug|Win32.Build.0 = Debug|Win32
		{0A5700B5-3CA3-43C1-9679-2F34B7BB124E}.DLL ASM Debug|Win32.ActiveCfg = Debug|Win32
		{0A5700B5-3CA3-43C1-9679-2F34B7BB124E}.DLL ASM Debug|Win32.Build.0 = Debug|Win32
		{0A5700B5-3CA3-43C1-9679-2F34B7BB124E}.DLL ASM Release|Win32.ActiveCfg = Release|Win32
		{0A5700B5-3CA3-43C1-9679-2F34B7BB124E}.DLL ASM Release|Win32.Build.0 = Release|Win32
		{0A5700B5-3CA3-43C1-9679-2F34B7BB124E}.DLL Debug|Win32.ActiveCfg = Debug|Win32
		{0A5700B5-3CA3-43C1-9679-2F34B7BB124E}.DLL Debug|Win32.Build.0 = Debug|Win32
		{0A5700B5-3CA3-43C1-9679-2F34B7BB124E}.DLL Release|Win32.ActiveCfg = Release|Win32
		{0A5700B5-3CA3-43C1-9679-2F34B7BB124E}.DLL Release|Win32.Build.0 = Release|Win32
		{0A5700B5-3CA3-43C1-9679-2F34B7BB124E}.LIB ASM Debug|Win32.ActiveCfg = Debug|Win32
		{0A5700B5-3CA3-43C1-9679-2F34B7BB124E}.LIB ASM Debug|Win32.Build.0 = Debug|Win32
		{0A5700B5-3CA3-43C1-9679-2F34B7BB124E}.LIB ASM Release|Win32.ActiveCfg = Release|Win32
		{0A5700B5-3CA3-43C1-9679-2F34B7BB124E}.LIB ASM Release|Win32.Build.0 = Release|Win32
		{0A5700B5-3CA3-43C1-9679-2F34B7BB124E}.LIB Debug|Win32.ActiveCfg = Debug|Win32
		{0A5700B5-3CA3-43C1-9679-2F34B7BB124E}.LIB Debug|Win32.Build.0 = Debug|Win32
		{0A5700B5-3CA3-43C1-9679-2F34B7BB124E}.LIB Release|Win32.ActiveCfg = Release|Win32
		{0A5700B5-3CA3-43C1-9679-2F34B7BB124E}.LIB Release|Win32.Build.0 = Release|Win32
		{0A5700B5-3CA3-43C1-9679-2F34B7BB124E}.Release|Win32.ActiveCfg = Release|Win32
		{0A5700B5-3CA3-43C1-9679-2F34B7BB124E}.Release|Win32.Build.0 = Release|Win32
	EndGlobalSection
	GlobalSection(SolutionProperties) = preSolution
		HideSolutionNode = FALSE
	EndGlobalSection
EndGlobal
